Microsoft Visual Studio Solution File, Format Version 12.00
# Visual Studio Version 17
VisualStudioVersion = 17.0.31912.275
MinimumVisualStudioVersion = 10.0.40219.1
Project("{FAE04EC0-301F-11D3-BF4B-00C04F79EFBC}") = "Domain", "src\Domain\Domain.csproj", "{401C798B-657B-4EDA-A28F-8231C4775263}"
EndProject
Project("{FAE04EC0-301F-11D3-BF4B-00C04F79EFBC}") = "Application", "src\Application\Application.csproj", "{31E8F2B7-E605-42B0-A557-A36FE2FC74DE}"
EndProject
Project("{FAE04EC0-301F-11D3-BF4B-00C04F79EFBC}") = "Infrastructure", "src\Infrastructure\Infrastructure.csproj", "{0E7C0A09-545D-4437-AF4C-1817EF33B819}"
EndProject
Project("{FAE04EC0-301F-11D3-BF4B-00C04F79EFBC}") = "Cli", "src\Cli\Cli.csproj", "{B375EAA3-4B0E-442E-8C2A-621EAF96AB4D}"
EndProject
Project("{FAE04EC0-301F-11D3-BF4B-00C04F79EFBC}") = "Tests", "tests\Tests\Tests.csproj", "{E5E4393F-B236-4476-A16F-0CE06E72C3A4}"
EndProject
Global
	GlobalSection(SolutionConfigurationPlatforms) = preSolution
		Debug|Any CPU = Debug|Any CPU
		Release|Any CPU = Release|Any CPU
	EndGlobalSection
	GlobalSection(ProjectConfigurationPlatforms) = postSolution
		{401C798B-657B-4EDA-A28F-8231C4775263}.Debug|Any CPU.ActiveCfg = Debug|Any CPU
		{401C798B-657B-4EDA-A28F-8231C4775263}.Debug|Any CPU.Build.0 = Debug|Any CPU
		{401C798B-657B-4EDA-A28F-8231C4775263}.Release|Any CPU.ActiveCfg = Release|Any CPU
		{401C798B-657B-4EDA-A28F-8231C4775263}.Release|Any CPU.Build.0 = Release|Any CPU
		{31E8F2B7-E605-42B0-A557-A36FE2FC74DE}.Debug|Any CPU.ActiveCfg = Debug|Any CPU
		{31E8F2B7-E605-42B0-A557-A36FE2FC74DE}.Debug|Any CPU.Build.0 = Debug|Any CPU
		{31E8F2B7-E605-42B0-A557-A36FE2FC74DE}.Release|Any CPU.ActiveCfg = Release|Any CPU
		{31E8F2B7-E605-42B0-A557-A36FE2FC74DE}.Release|Any CPU.Build.0 = Release|Any CPU
		{0E7C0A09-545D-4437-AF4C-1817EF33B819}.Debug|Any CPU.ActiveCfg = Debug|Any CPU
		{0E7C0A09-545D-4437-AF4C-1817EF33B819}.Debug|Any CPU.Build.0 = Debug|Any CPU
		{0E7C0A09-545D-4437-AF4C-1817EF33B819}.Release|Any CPU.ActiveCfg = Release|Any CPU
		{0E7C0A09-545D-4437-AF4C-1817EF33B819}.Release|Any CPU.Build.0 = Release|Any CPU
		{B375EAA3-4B0E-442E-8C2A-621EAF96AB4D}.Debug|Any CPU.ActiveCfg = Debug|Any CPU
		{B375EAA3-4B0E-442E-8C2A-621EAF96AB4D}.Debug|Any CPU.Build.0 = Debug|Any CPU
		{B375EAA3-4B0E-442E-8C2A-621EAF96AB4D}.Release|Any CPU.ActiveCfg = Release|Any CPU
		{B375EAA3-4B0E-442E-8C2A-621EAF96AB4D}.Release|Any CPU.Build.0 = Release|Any CPU
		{E5E4393F-B236-4476-A16F-0CE06E72C3A4}.Debug|Any CPU.ActiveCfg = Debug|Any CPU
		{E5E4393F-B236-4476-A16F-0CE06E72C3A4}.Debug|Any CPU.Build.0 = Debug|Any CPU
		{E5E4393F-B236-4476-A16F-0CE06E72C3A4}.Release|Any CPU.ActiveCfg = Release|Any CPU
		{E5E4393F-B236-4476-A16F-0CE06E72C3A4}.Release|Any CPU.Build.0 = Release|Any CPU
	EndGlobalSection
EndGlobal
